// !$*UTF8*$!
{
	archiveVersion = 1;
	classes = {
	};
	objectVersion = 46;
	objects = {

/* Begin PBXBuildFile section */
		F21D0FF3195B3528006A9B8E /* AppDelegate.swift in Sources */ = {isa = PBXBuildFile; fileRef = F21D0FF2195B3528006A9B8E /* AppDelegate.swift */; };
		F21D0FF5195B3528006A9B8E /* GameScene.sks in Resources */ = {isa = PBXBuildFile; fileRef = F21D0FF4195B3528006A9B8E /* GameScene.sks */; };
		F21D0FF7195B3528006A9B8E /* GameScene.swift in Sources */ = {isa = PBXBuildFile; fileRef = F21D0FF6195B3528006A9B8E /* GameScene.swift */; };
		F21D0FF9195B3528006A9B8E /* GameViewController.swift in Sources */ = {isa = PBXBuildFile; fileRef = F21D0FF8195B3528006A9B8E /* GameViewController.swift */; };
		F21D0FFC195B3528006A9B8E /* Main.storyboard in Resources */ = {isa = PBXBuildFile; fileRef = F21D0FFA195B3528006A9B8E /* Main.storyboard */; };
		F21D0FFE195B3528006A9B8E /* Images.xcassets in Resources */ = {isa = PBXBuildFile; fileRef = F21D0FFD195B3528006A9B8E /* Images.xcassets */; };
		F21D100A195B3528006A9B8E /* SkiptaculousTests.swift in Sources */ = {isa = PBXBuildFile; fileRef = F21D1009195B3528006A9B8E /* SkiptaculousTests.swift */; };
		F21D1014195B3A12006A9B8E /* UIColorExtension.swift in Sources */ = {isa = PBXBuildFile; fileRef = F21D1013195B3A12006A9B8E /* UIColorExtension.swift */; };
		F21D1016195B3FEC006A9B8E /* PlayScene.swift in Sources */ = {isa = PBXBuildFile; fileRef = F21D1015195B3FEC006A9B8E /* PlayScene.swift */; };
		F21D1018195B5ADE006A9B8E /* BlockStatus.swift in Sources */ = {isa = PBXBuildFile; fileRef = F21D1017195B5ADE006A9B8E /* BlockStatus.swift */; };
/* End PBXBuildFile section */

/* Begin PBXContainerItemProxy section */
		F21D1004195B3528006A9B8E /* PBXContainerItemProxy */ = {
			isa = PBXContainerItemProxy;
			containerPortal = F21D0FE5195B3528006A9B8E /* Project object */;
			proxyType = 1;
			remoteGlobalIDString = F21D0FEC195B3528006A9B8E;
			remoteInfo = Skiptaculous;
		};
/* End PBXContainerItemProxy section */

/* Begin PBXFileReference section */
		F21D0FED195B3528006A9B8E /* Skiptaculous.app */ = {isa = PBXFileReference; explicitFileType = wrapper.application; includeInIndex = 0; path = Skiptaculous.app; sourceTree = BUILT_PRODUCTS_DIR; };
		F21D0FF1195B3528006A9B8E /* Info.plist */ = {isa = PBXFileReference; lastKnownFileType = text.plist.xml; path = Info.plist; sourceTree = "<group>"; };
		F21D0FF2195B3528006A9B8E /* AppDelegate.swift */ = {isa = PBXFileReference; lastKnownFileType = sourcecode.swift; path = AppDelegate.swift; sourceTree = "<group>"; };
		F21D0FF4195B3528006A9B8E /* GameScene.sks */ = {isa = PBXFileReference; lastKnownFileType = file.sks; path = GameScene.sks; sourceTree = "<group>"; };
		F21D0FF6195B3528006A9B8E /* GameScene.swift */ = {isa = PBXFileReference; lastKnownFileType = sourcecode.swift; path = GameScene.swift; sourceTree = "<group>"; };
		F21D0FF8195B3528006A9B8E /* GameViewController.swift */ = {isa = PBXFileReference; lastKnownFileType = sourcecode.swift; path = GameViewController.swift; sourceTree = "<group>"; };
		F21D0FFB195B3528006A9B8E /* Base */ = {isa = PBXFileReference; lastKnownFileType = file.storyboard; name = Base; path = Base.lproj/Main.storyboard; sourceTree = "<group>"; };
		F21D0FFD195B3528006A9B8E /* Images.xcassets */ = {isa = PBXFileReference; lastKnownFileType = folder.assetcatalog; path = Images.xcassets; sourceTree = "<group>"; };
		F21D1003195B3528006A9B8E /* SkiptaculousTests.xctest */ = {isa = PBXFileReference; explicitFileType = wrapper.cfbundle; includeInIndex = 0; path = SkiptaculousTests.xctest; sourceTree = BUILT_PRODUCTS_DIR; };
		F21D1008195B3528006A9B8E /* Info.plist */ = {isa = PBXFileReference; lastKnownFileType = text.plist.xml; path = Info.plist; sourceTree = "<group>"; };
		F21D1009195B3528006A9B8E /* SkiptaculousTests.swift */ = {isa = PBXFileReference; lastKnownFileType = sourcecode.swift; path = SkiptaculousTests.swift; sourceTree = "<group>"; };
		F21D1013195B3A12006A9B8E /* UIColorExtension.swift */ = {isa = PBXFileReference; fileEncoding = 4; lastKnownFileType = sourcecode.swift; path = UIColorExtension.swift; sourceTree = "<group>"; };
		F21D1015195B3FEC006A9B8E /* PlayScene.swift */ = {isa = PBXFileReference; fileEncoding = 4; lastKnownFileType = sourcecode.swift; path = PlayScene.swift; sourceTree = "<group>"; };
		F21D1017195B5ADE006A9B8E /* BlockStatus.swift */ = {isa = PBXFileReference; fileEncoding = 4; lastKnownFileType = sourcecode.swift; name = BlockStatus.swift; path = ../BlockStatus.swift; sourceTree = "<group>"; };
/* End PBXFileReference section */

/* Begin PBXFrameworksBuildPhase section */
		F21D0FEA195B3528006A9B8E /* Frameworks */ = {
			isa = PBXFrameworksBuildPhase;
			buildActionMask = 2147483647;
			files = (
			);
			runOnlyForDeploymentPostprocessing = 0;
		};
		F21D1000195B3528006A9B8E /* Frameworks */ = {
			isa = PBXFrameworksBuildPhase;
			buildActionMask = 2147483647;
			files = (
			);
			runOnlyForDeploymentPostprocessing = 0;
		};
/* End PBXFrameworksBuildPhase section */

/* Begin PBXGroup section */
		F21D0FE4195B3528006A9B8E = {
			isa = PBXGroup;
			children = (
				F21D0FEF195B3528006A9B8E /* Skiptaculous */,
				F21D1006195B3528006A9B8E /* SkiptaculousTests */,
				F21D0FEE195B3528006A9B8E /* Products */,
			);
			sourceTree = "<group>";
		};
		F21D0FEE195B3528006A9B8E /* Products */ = {
			isa = PBXGroup;
			children = (
				F21D0FED195B3528006A9B8E /* Skiptaculous.app */,
				F21D1003195B3528006A9B8E /* SkiptaculousTests.xctest */,
			);
			name = Products;
			sourceTree = "<group>";
		};
		F21D0FEF195B3528006A9B8E /* Skiptaculous */ = {
			isa = PBXGroup;
			children = (
				F21D1017195B5ADE006A9B8E /* BlockStatus.swift */,
				F21D0FF2195B3528006A9B8E /* AppDelegate.swift */,
				F21D0FF4195B3528006A9B8E /* GameScene.sks */,
				F21D0FF6195B3528006A9B8E /* GameScene.swift */,
				F21D0FF8195B3528006A9B8E /* GameViewController.swift */,
				F21D0FFA195B3528006A9B8E /* Main.storyboard */,
				F21D0FFD195B3528006A9B8E /* Images.xcassets */,
				F21D0FF0195B3528006A9B8E /* Supporting Files */,
				F21D1013195B3A12006A9B8E /* UIColorExtension.swift */,
				F21D1015195B3FEC006A9B8E /* PlayScene.swift */,
			);
			path = Skiptaculous;
			sourceTree = "<group>";
		};
		F21D0FF0195B3528006A9B8E /* Supporting Files */ = {
			isa = PBXGroup;
			children = (
				F21D0FF1195B3528006A9B8E /* Info.plist */,
			);
			name = "Supporting Files";
			sourceTree = "<group>";
		};
		F21D1006195B3528006A9B8E /* SkiptaculousTests */ = {
			isa = PBXGroup;
			children = (
				F21D1009195B3528006A9B8E /* SkiptaculousTests.swift */,
				F21D1007195B3528006A9B8E /* Supporting Files */,
			);
			path = SkiptaculousTests;
			sourceTree = "<group>";
		};
		F21D1007195B3528006A9B8E /* Supporting Files */ = {
			isa = PBXGroup;
			children = (
				F21D1008195B3528006A9B8E /* Info.plist */,
			);
			name = "Supporting Files";
			sourceTree = "<group>";
		};
/* End PBXGroup section */

/* Begin PBXNativeTarget section */
		F21D0FEC195B3528006A9B8E /* Skiptaculous */ = {
			isa = PBXNativeTarget;
			buildConfigurationList = F21D100D195B3528006A9B8E /* Build configuration list for PBXNativeTarget "Skiptaculous" */;
			buildPhases = (
				F21D0FE9195B3528006A9B8E /* Sources */,
				F21D0FEA195B3528006A9B8E /* Frameworks */,
				F21D0FEB195B3528006A9B8E /* Resources */,
			);
			buildRules = (
			);
			dependencies = (
			);
			name = Skiptaculous;
			productName = Skiptaculous;
			productReference = F21D0FED195B3528006A9B8E /* Skiptaculous.app */;
			productType = "com.apple.product-type.application";
		};
		F21D1002195B3528006A9B8E /* SkiptaculousTests */ = {
			isa = PBXNativeTarget;
			buildConfigurationList = F21D1010195B3528006A9B8E /* Build configuration list for PBXNativeTarget "SkiptaculousTests" */;
			buildPhases = (
				F21D0FFF195B3528006A9B8E /* Sources */,
				F21D1000195B3528006A9B8E /* Frameworks */,
				F21D1001195B3528006A9B8E /* Resources */,
			);
			buildRules = (
			);
			dependencies = (
				F21D1005195B3528006A9B8E /* PBXTargetDependency */,
			);
			name = SkiptaculousTests;
			productName = SkiptaculousTests;
			productReference = F21D1003195B3528006A9B8E /* SkiptaculousTests.xctest */;
			productType = "com.apple.product-type.bundle.unit-test";
		};
/* End PBXNativeTarget section */

/* Begin PBXProject section */
		F21D0FE5195B3528006A9B8E /* Project object */ = {
			isa = PBXProject;
			attributes = {
				LastUpgradeCheck = 0600;
				ORGANIZATIONNAME = "Ryan McCawley";
				TargetAttributes = {
					F21D0FEC195B3528006A9B8E = {
						CreatedOnToolsVersion = 6.0;
					};
					F21D1002195B3528006A9B8E = {
						CreatedOnToolsVersion = 6.0;
						TestTargetID = F21D0FEC195B3528006A9B8E;
					};
				};
			};
			buildConfigurationList = F21D0FE8195B3528006A9B8E /* Build configuration list for PBXProject "Skiptaculous" */;
			compatibilityVersion = "Xcode 3.2";
			developmentRegion = English;
			hasScannedForEncodings = 0;
			knownRegions = (
				en,
				Base,
			);
			mainGroup = F21D0FE4195B3528006A9B8E;
			productRefGroup = F21D0FEE195B3528006A9B8E /* Products */;
			projectDirPath = "";
			projectRoot = "";
			targets = (
				F21D0FEC195B3528006A9B8E /* Skiptaculous */,
				F21D1002195B3528006A9B8E /* SkiptaculousTests */,
			);
		};
/* End PBXProject section */

/* Begin PBXResourcesBuildPhase section */
		F21D0FEB195B3528006A9B8E /* Resources */ = {
			isa = PBXResourcesBuildPhase;
			buildActionMask = 2147483647;
			files = (
				F21D0FFE195B3528006A9B8E /* Images.xcassets in Resources */,
				F21D0FF5195B3528006A9B8E /* GameScene.sks in Resources */,
				F21D0FFC195B3528006A9B8E /* Main.storyboard in Resources */,
			);
			runOnlyForDeploymentPostprocessing = 0;
		};
		F21D1001195B3528006A9B8E /* Resources */ = {
			isa = PBXResourcesBuildPhase;
			buildActionMask = 2147483647;
			files = (
			);
			runOnlyForDeploymentPostprocessing = 0;
		};
/* End PBXResourcesBuildPhase section */

/* Begin PBXSourcesBuildPhase section */
		F21D0FE9195B3528006A9B8E /* Sources */ = {
			isa = PBXSourcesBuildPhase;
			buildActionMask = 2147483647;
			files = (
				F21D0FF7195B3528006A9B8E /* GameScene.swift in Sources */,
				F21D1018195B5ADE006A9B8E /* BlockStatus.swift in Sources */,
				F21D1016195B3FEC006A9B8E /* PlayScene.swift in Sources */,
				F21D0FF9195B3528006A9B8E /* GameViewController.swift in Sources */,
				F21D0FF3195B3528006A9B8E /* AppDelegate.swift in Sources */,
				F21D1014195B3A12006A9B8E /* UIColorExtension.swift in Sources */,
			);
			runOnlyForDeploymentPostprocessing = 0;
		};
		F21D0FFF195B3528006A9B8E /* Sources */ = {
			isa = PBXSourcesBuildPhase;
			buildActionMask = 2147483647;
			files = (
				F21D100A195B3528006A9B8E /* SkiptaculousTests.swift in Sources */,
			);
			runOnlyForDeploymentPostprocessing = 0;
		};
/* End PBXSourcesBuildPhase section */

/* Begin PBXTargetDependency section */
		F21D1005195B3528006A9B8E /* PBXTargetDependency */ = {
			isa = PBXTargetDependency;
			target = F21D0FEC195B3528006A9B8E /* Skiptaculous */;
			targetProxy = F21D1004195B3528006A9B8E /* PBXContainerItemProxy */;
		};
/* End PBXTargetDependency section */

/* Begin PBXVariantGroup section */
		F21D0FFA195B3528006A9B8E /* Main.storyboard */ = {
			isa = PBXVariantGroup;
			children = (
				F21D0FFB195B3528006A9B8E /* Base */,
			);
			name = Main.storyboard;
			sourceTree = "<group>";
		};
/* End PBXVariantGroup section */

/* Begin XCBuildConfiguration section */
		F21D100B195B3528006A9B8E /* Debug */ = {
			isa = XCBuildConfiguration;
			buildSettings = {
				ALWAYS_SEARCH_USER_PATHS = NO;
				CLANG_CXX_LANGUAGE_STANDARD = "gnu++0x";
				CLANG_CXX_LIBRARY = "libc++";
				CLANG_ENABLE_MODULES = YES;
				CLANG_ENABLE_OBJC_ARC = YES;
				CLANG_WARN_BOOL_CONVERSION = YES;
				CLANG_WARN_CONSTANT_CONVERSION = YES;
				CLANG_WARN_DIRECT_OBJC_ISA_USAGE = YES_ERROR;
				CLANG_WARN_EMPTY_BODY = YES;
				CLANG_WARN_ENUM_CONVERSION = YES;
				CLANG_WARN_INT_CONVERSION = YES;
				CLANG_WARN_OBJC_ROOT_CLASS = YES_ERROR;
				CLANG_WARN_UNREACHABLE_CODE = YES;
				CLANG_WARN__DUPLICATE_METHOD_MATCH = YES;
				"CODE_SIGN_IDENTITY[sdk=iphoneos*]" = "iPhone Developer";
				COPY_PHASE_STRIP = NO;
				ENABLE_STRICT_OBJC_MSGSEND = YES;
				GCC_C_LANGUAGE_STANDARD = gnu99;
				GCC_DYNAMIC_NO_PIC = NO;
				GCC_OPTIMIZATION_LEVEL = 0;
				GCC_PREPROCESSOR_DEFINITIONS = (
					"DEBUG=1",
					"$(inherited)",
				);
				GCC_SYMBOLS_PRIVATE_EXTERN = NO;
				GCC_WARN_64_TO_32_BIT_CONVERSION = YES;
				GCC_WARN_ABOUT_RETURN_TYPE = YES_ERROR;
				GCC_WARN_UNDECLARED_SELECTOR = YES;
				GCC_WARN_UNINITIALIZED_AUTOS = YES_AGGRESSIVE;
				GCC_WARN_UNUSED_FUNCTION = YES;
				GCC_WARN_UNUSED_VARIABLE = YES;
				IPHONEOS_DEPLOYMENT_TARGET = 8.0;
				METAL_ENABLE_DEBUG_INFO = YES;
				ONLY_ACTIVE_ARCH = YES;
				SDKROOT = iphoneos;
				SWIFT_OPTIMIZATION_LEVEL = "-Onone";
				TARGETED_DEVICE_FAMILY = "1,2";
			};
			name = Debug;
		};
		F21D100C195B3528006A9B8E /* Release */ = {
			isa = XCBuildConfiguration;
			buildSettings = {
				ALWAYS_SEARCH_USER_PATHS = NO;
				CLANG_CXX_LANGUAGE_STANDARD = "gnu++0x";
				CLANG_CXX_LIBRARY = "libc++";
				CLANG_ENABLE_MODULES = YES;
				CLANG_ENABLE_OBJC_ARC = YES;
				CLANG_WARN_BOOL_CONVERSION = YES;
				CLANG_WARN_CONSTANT_CONVERSION = YES;
				CLANG_WARN_DIRECT_OBJC_ISA_USAGE = YES_ERROR;
				CLANG_WARN_EMPTY_BODY = YES;
				CLANG_WARN_ENUM_CONVERSION = YES;
				CLANG_WARN_INT_CONVERSION = YES;
				CLANG_WARN_OBJC_ROOT_CLASS = YES_ERROR;
				CLANG_WARN_UNREACHABLE_CODE = YES;
				CLANG_WARN__DUPLICATE_METHOD_MATCH = YES;
				"CODE_SIGN_IDENTITY[sdk=iphoneos*]" = "iPhone Developer";
				COPY_PHASE_STRIP = YES;
				ENABLE_NS_ASSERTIONS = NO;
				ENABLE_STRICT_OBJC_MSGSEND = YES;
				GCC_C_LANGUAGE_STANDARD = gnu99;
				GCC_WARN_64_TO_32_BIT_CONVERSION = YES;
				GCC_WARN_ABOUT_RETURN_TYPE = YES_ERROR;
				GCC_WARN_UNDECLARED_SELECTOR = YES;
				GCC_WARN_UNINITIALIZED_AUTOS = YES_AGGRESSIVE;
				GCC_WARN_UNUSED_FUNCTION = YES;
				GCC_WARN_UNUSED_VARIABLE = YES;
				IPHONEOS_DEPLOYMENT_TARGET = 8.0;
				METAL_ENABLE_DEBUG_INFO = NO;
				SDKROOT = iphoneos;
				TARGETED_DEVICE_FAMILY = "1,2";
				VALIDATE_PRODUCT = YES;
			};
			name = Release;
		};
		F21D100E195B3528006A9B8E /* Debug */ = {
			isa = XCBuildConfiguration;
			buildSettings = {
				ASSETCATALOG_COMPILER_APPICON_NAME = AppIcon;
				ASSETCATALOG_COMPILER_LAUNCHIMAGE_NAME = LaunchImage;
				INFOPLIST_FILE = Skiptaculous/Info.plist;
				LD_RUNPATH_SEARCH_PATHS = "$(inherited) @executable_path/Frameworks";
				PRODUCT_NAME = "$(TARGET_NAME)";
			};
			name = Debug;
		};
		F21D100F195B3528006A9B8E /* Release */ = {
			isa = XCBuildConfiguration;
			buildSettings = {
				ASSETCATALOG_COMPILER_APPICON_NAME = AppIcon;
				ASSETCATALOG_COMPILER_LAUNCHIMAGE_NAME = LaunchImage;
				INFOPLIST_FILE = Skiptaculous/Info.plist;
				LD_RUNPATH_SEARCH_PATHS = "$(inherited) @executable_path/Frameworks";
				PRODUCT_NAME = "$(TARGET_NAME)";
			};
			name = Release;
		};
		F21D1011195B3528006A9B8E /* Debug */ = {
			isa = XCBuildConfiguration;
			buildSettings = {
				BUNDLE_LOADER = "$(BUILT_PRODUCTS_DIR)/Skiptaculous.app/Skiptaculous";
				FRAMEWORK_SEARCH_PATHS = (
					"$(SDKROOT)/Developer/Library/Frameworks",
					"$(inherited)",
				);
				GCC_PREPROCESSOR_DEFINITIONS = (
					"DEBUG=1",
					"$(inherited)",
				);
				INFOPLIST_FILE = SkiptaculousTests/Info.plist;
				LD_RUNPATH_SEARCH_PATHS = "$(inherited) @executable_path/Frameworks @loader_path/Frameworks";
				METAL_ENABLE_DEBUG_INFO = YES;
				PRODUCT_NAME = "$(TARGET_NAME)";
				TEST_HOST = "$(BUNDLE_LOADER)";
			};
			name = Debug;
		};
		F21D1012195B3528006A9B8E /* Release */ = {
			isa = XCBuildConfiguration;
			buildSettings = {
				BUNDLE_LOADER = "$(BUILT_PRODUCTS_DIR)/Skiptaculous.app/Skiptaculous";
				FRAMEWORK_SEARCH_PATHS = (
					"$(SDKROOT)/Developer/Library/Frameworks",
					"$(inherited)",
				);
				INFOPLIST_FILE = SkiptaculousTests/Info.plist;
				LD_RUNPATH_SEARCH_PATHS = "$(inherited) @executable_path/Frameworks @loader_path/Frameworks";
				METAL_ENABLE_DEBUG_INFO = NO;
				PRODUCT_NAME = "$(TARGET_NAME)";
				TEST_HOST = "$(BUNDLE_LOADER)";
			};
			name = Release;
		};
/* End XCBuildConfiguration section */

/* Begin XCConfigurationList section */
		F21D0FE8195B3528006A9B8E /* Build configuration list for PBXProject "Skiptaculous" */ = {
			isa = XCConfigurationList;
			buildConfigurations = (
				F21D100B195B3528006A9B8E /* Debug */,
				F21D100C195B3528006A9B8E /* Release */,
			);
			defaultConfigurationIsVisible = 0;
			defaultConfigurationName = Release;
		};
		F21D100D195B3528006A9B8E /* Build configuration list for PBXNativeTarget "Skiptaculous" */ = {
			isa = XCConfigurationList;
			buildConfigurations = (
				F21D100E195B3528006A9B8E /* Debug */,
				F21D100F195B3528006A9B8E /* Release */,
			);
			defaultConfigurationIsVisible = 0;
		};
		F21D1010195B3528006A9B8E /* Build configuration list for PBXNativeTarget "SkiptaculousTests" */ = {
			isa = XCConfigurationList;
			buildConfigurations = (
				F21D1011195B3528006A9B8E /* Debug */,
				F21D1012195B3528006A9B8E /* Release */,
			);
			defaultConfigurationIsVisible = 0;
		};
/* End XCConfigurationList section */
	};
	rootObject = F21D0FE5195B3528006A9B8E /* Project object */;
}
